
Microsoft Visual Studio Solution File, Format Version 12.00
# Visual Studio 2012
Project("{FAE04EC0-301F-11D3-BF4B-00C04F79EFBC}") = "Yandex.SpeechKit.Xamarin.Android", "src\Yandex.SpeechKit.Xamarin.Android\Yandex.SpeechKit.Xamarin.Android.csproj", "{CF3ACE7F-F3E0-494A-B069-AA3D82A7280D}"
EndProject
Project("{FAE04EC0-301F-11D3-BF4B-00C04F79EFBC}") = "YaSpeechKitApp.Droid", "samples\YaSpeechKitApp.Droid\YaSpeechKitApp.Droid.csproj", "{ADFC7F3C-1A0D-4467-AD63-1A31A4BB37F6}"
EndProject
Project("{2150E333-8FDC-42A3-9474-1A3956D46DE8}") = "Samples", "Samples", "{9705A9FF-B16D-49BF-9CAF-A00F8EC00D6B}"
EndProject
Global
	GlobalSection(SolutionConfigurationPlatforms) = preSolution
		Debug|Any CPU = Debug|Any CPU
		Release|Any CPU = Release|Any CPU
	EndGlobalSection
	GlobalSection(ProjectConfigurationPlatforms) = postSolution
		{CF3ACE7F-F3E0-494A-B069-AA3D82A7280D}.Debug|Any CPU.ActiveCfg = Debug|Any CPU
		{CF3ACE7F-F3E0-494A-B069-AA3D82A7280D}.Debug|Any CPU.Build.0 = Debug|Any CPU
		{CF3ACE7F-F3E0-494A-B069-AA3D82A7280D}.Release|Any CPU.ActiveCfg = Release|Any CPU
		{CF3ACE7F-F3E0-494A-B069-AA3D82A7280D}.Release|Any CPU.Build.0 = Release|Any CPU
		{ADFC7F3C-1A0D-4467-AD63-1A31A4BB37F6}.Debug|Any CPU.ActiveCfg = Debug|Any CPU
		{ADFC7F3C-1A0D-4467-AD63-1A31A4BB37F6}.Debug|Any CPU.Build.0 = Debug|Any CPU
		{ADFC7F3C-1A0D-4467-AD63-1A31A4BB37F6}.Release|Any CPU.ActiveCfg = Release|Any CPU
		{ADFC7F3C-1A0D-4467-AD63-1A31A4BB37F6}.Release|Any CPU.Build.0 = Release|Any CPU
	EndGlobalSection
	GlobalSection(NestedProjects) = preSolution
		{ADFC7F3C-1A0D-4467-AD63-1A31A4BB37F6} = {9705A9FF-B16D-49BF-9CAF-A00F8EC00D6B}
	EndGlobalSection
EndGlobal
