
Microsoft Visual Studio Solution File, Format Version 12.00
# Visual Studio 2012
Project("{FAE04EC0-301F-11D3-BF4B-00C04F79EFBC}") = "Yandex.SpeechKit.Xamarin.Android", "Yandex.SpeechKit.Xamarin.Android.csproj", "{CF3ACE7F-F3E0-494A-B069-AA3D82A7280D}"
EndProject
Global
	GlobalSection(SolutionConfigurationPlatforms) = preSolution
		Debug|Any CPU = Debug|Any CPU
		Release|Any CPU = Release|Any CPU
	EndGlobalSection
	GlobalSection(ProjectConfigurationPlatforms) = postSolution
		{CF3ACE7F-F3E0-494A-B069-AA3D82A7280D}.Debug|Any CPU.ActiveCfg = Debug|Any CPU
		{CF3ACE7F-F3E0-494A-B069-AA3D82A7280D}.Debug|Any CPU.Build.0 = Debug|Any CPU
		{CF3ACE7F-F3E0-494A-B069-AA3D82A7280D}.Release|Any CPU.ActiveCfg = Release|Any CPU
		{CF3ACE7F-F3E0-494A-B069-AA3D82A7280D}.Release|Any CPU.Build.0 = Release|Any CPU
	EndGlobalSection
EndGlobal
